
Microsoft Visual Studio Solution File, Format Version 12.00
# Visual Studio 15
VisualStudioVersion = 15.0.28307.421
MinimumVisualStudioVersion = 10.0.40219.1
Project("{FAE04EC0-301F-11D3-BF4B-00C04F79EFBC}") = "Matriz3D", "Matriz3D\Matriz3D.csproj", "{4624B7FC-78B0-4466-9A90-5084A70BD9D2}"
EndProject
Project("{FAE04EC0-301F-11D3-BF4B-00C04F79EFBC}") = "Matriz3D.Tests", "Matriz3D.Tests\Matriz3D.Tests.csproj", "{5D8A7BD6-664D-4A62-B834-0E219572411D}"
EndProject
Global
	GlobalSection(SolutionConfigurationPlatforms) = preSolution
		Debug|Any CPU = Debug|Any CPU
		Release|Any CPU = Release|Any CPU
	EndGlobalSection
	GlobalSection(ProjectConfigurationPlatforms) = postSolution
		{4624B7FC-78B0-4466-9A90-5084A70BD9D2}.Debug|Any CPU.ActiveCfg = Debug|Any CPU
		{4624B7FC-78B0-4466-9A90-5084A70BD9D2}.Debug|Any CPU.Build.0 = Debug|Any CPU
		{4624B7FC-78B0-4466-9A90-5084A70BD9D2}.Release|Any CPU.ActiveCfg = Release|Any CPU
		{4624B7FC-78B0-4466-9A90-5084A70BD9D2}.Release|Any CPU.Build.0 = Release|Any CPU
		{5D8A7BD6-664D-4A62-B834-0E219572411D}.Debug|Any CPU.ActiveCfg = Debug|Any CPU
		{5D8A7BD6-664D-4A62-B834-0E219572411D}.Debug|Any CPU.Build.0 = Debug|Any CPU
		{5D8A7BD6-664D-4A62-B834-0E219572411D}.Release|Any CPU.ActiveCfg = Release|Any CPU
		{5D8A7BD6-664D-4A62-B834-0E219572411D}.Release|Any CPU.Build.0 = Release|Any CPU
	EndGlobalSection
	GlobalSection(SolutionProperties) = preSolution
		HideSolutionNode = FALSE
	EndGlobalSection
	GlobalSection(ExtensibilityGlobals) = postSolution
		SolutionGuid = {C8D028B8-A4F6-4F4E-91E1-98292C17BA78}
	EndGlobalSection
EndGlobal
